# @generated by Move, please check-in and do not edit manually.

[move]
version = 2
manifest_digest = "00C882BD5220D2B99993EB2C8CE0A5B4B3C73C153C380777514EC884771CDAA8"
deps_digest = "3C4103934B1E040BB6B23F1D610B4EF9F2F1166A50A104EADCF77467C004C600"
dependencies = [
  { name = "Sui" },
  { name = "swap" },
]

[[move.package]]
name = "MoveStdlib"
source = { git = "https://github.com/MystenLabs/sui.git", rev = "framework/testnet", subdir = "crates/sui-framework/packages/move-stdlib" }

[[move.package]]
name = "Sui"
source = { git = "https://github.com/MystenLabs/sui.git", rev = "framework/testnet", subdir = "crates/sui-framework/packages/sui-framework" }

dependencies = [
  { name = "MoveStdlib" },
]

[[move.package]]
name = "swap"
source = { local = ".." }

dependencies = [
  { name = "Sui" },
]

[move.toolchain-version]
compiler-version = "1.26.0"
edition = "2024.beta"
flavor = "sui"

[env]

[env.testnet]
chain-id = "4c78adac"
original-published-id = "0x877e3cafcdf3570eeef8bd9623460ca18af09c4b20293102bcc16526d0d204f4"
latest-published-id = "0x877e3cafcdf3570eeef8bd9623460ca18af09c4b20293102bcc16526d0d204f4"
published-version = "1"
